
Microsoft Visual Studio Solution File, Format Version 12.00
# Visual Studio Version 17
VisualStudioVersion = 17.13.35931.197
MinimumVisualStudioVersion = 10.0.40219.1
Project("{FAE04EC0-301F-11D3-BF4B-00C04F79EFBC}") = "ApiDocBot", "ApiDocBot.csproj", "{F21C589F-75D5-4DA2-AE79-86F9A879B69F}"
EndProject
Global
	GlobalSection(SolutionConfigurationPlatforms) = preSolution
		Debug|Any CPU = Debug|Any CPU
		Release|Any CPU = Release|Any CPU
	EndGlobalSection
	GlobalSection(ProjectConfigurationPlatforms) = postSolution
		{F21C589F-75D5-4DA2-AE79-86F9A879B69F}.Debug|Any CPU.ActiveCfg = Debug|Any CPU
		{F21C589F-75D5-4DA2-AE79-86F9A879B69F}.Debug|Any CPU.Build.0 = Debug|Any CPU
		{F21C589F-75D5-4DA2-AE79-86F9A879B69F}.Release|Any CPU.ActiveCfg = Release|Any CPU
		{F21C589F-75D5-4DA2-AE79-86F9A879B69F}.Release|Any CPU.Build.0 = Release|Any CPU
	EndGlobalSection
	GlobalSection(SolutionProperties) = preSolution
		HideSolutionNode = FALSE
	EndGlobalSection
	GlobalSection(ExtensibilityGlobals) = postSolution
		SolutionGuid = {96BE2B04-381F-4AC0-B49C-6DC20D499579}
	EndGlobalSection
EndGlobal
